name: universe-lm
channels:
- conda-forge
dependencies:
- _libgcc_mutex=0.1=conda_forge
- _openmp_mutex=4.5=2_gnu
- brotli-python=1.1.0=py310hc6cd4ac_1
- bzip2=1.0.8=hd590300_5
- ca-certificates=2024.2.2=hbcca054_0
- cachecontrol=0.14.0=pyhd8ed1ab_0
- cachecontrol-with-filecache=0.14.0=pyhd8ed1ab_0
- certifi=2024.2.2=pyhd8ed1ab_0
- cffi=1.16.0=py310h2fee648_0
- charset-normalizer=3.3.2=pyhd8ed1ab_0
- cleo=2.1.0=pyhd8ed1ab_0
- colorama=0.4.6=pyhd8ed1ab_0
- crashtest=0.4.1=pyhd8ed1ab_0
- cryptography=42.0.7=py310hb1bd9d3_0
- dbus=1.13.6=h5008d03_3
- distlib=0.3.8=pyhd8ed1ab_0
- dulwich=0.21.7=py310h2372a71_0
- expat=2.6.2=h59595ed_0
- filelock=3.14.0=pyhd8ed1ab_0
- idna=3.7=pyhd8ed1ab_0
- importlib-metadata=7.1.0=pyha770c72_0
- importlib_metadata=7.1.0=hd8ed1ab_0
- jaraco.classes=3.4.0=pyhd8ed1ab_1
- jeepney=0.8.0=pyhd8ed1ab_0
- keyring=24.3.1=py310hff52083_0
- ld_impl_linux-64=2.40=h55db66e_0
- libblas=3.9.0=22_linux64_openblas
- libcblas=3.9.0=22_linux64_openblas
- libexpat=2.6.2=h59595ed_0
- libffi=3.4.2=h7f98852_5
- libgcc-ng=13.2.0=h77fa898_7
- libgfortran-ng=13.2.0=h69a702a_7
- libgfortran5=13.2.0=hca663fb_7
- libglib=2.80.2=hf974151_0
- libgomp=13.2.0=h77fa898_7
- libiconv=1.17=hd590300_2
- liblapack=3.9.0=22_linux64_openblas
- libnsl=2.0.1=hd590300_0
- libopenblas=0.3.27=pthreads_h413a1c8_0
- libsqlite=3.45.3=h2797004_0
- libstdcxx-ng=13.2.0=hc0a3c3a_7
- libuuid=2.38.1=h0b41bf4_0
- libxcrypt=4.4.36=hd590300_1
- libzlib=1.2.13=hd590300_5
- more-itertools=10.2.0=pyhd8ed1ab_0
- msgpack-python=1.0.8=py310h25c7140_0
- ncurses=6.5=h59595ed_0
- numpy=1.26.4=py310hb13e2d6_0
- openssl=3.3.0=hd590300_0
- packaging=23.2=pyhd8ed1ab_0
- pcre2=10.43=hcad00b1_0
- pexpect=4.9.0=pyhd8ed1ab_0
- pip=24.0=pyhd8ed1ab_0
- pkginfo=1.10.0=pyhd8ed1ab_0
- platformdirs=4.2.1=pyhd8ed1ab_0
- poetry=1.8.3=linux_pyha804496_1
- poetry-core=1.9.0=pyhd8ed1ab_0
- poetry-plugin-export=1.8.0=pyhd8ed1ab_0
- ptyprocess=0.7.0=pyhd3deb0d_0
- pycparser=2.22=pyhd8ed1ab_0
- pyproject_hooks=1.1.0=pyhd8ed1ab_0
- pysocks=1.7.1=pyha2e5f31_6
- python=3.10.14=hd12c33a_0_cpython
- python-build=1.2.1=pyhd8ed1ab_0
- python-fastjsonschema=2.19.1=pyhd8ed1ab_0
- python-installer=0.7.0=pyhd8ed1ab_0
- python_abi=3.10=4_cp310
- rapidfuzz=3.9.0=py310h76e45a6_0
- readline=8.2=h8228510_1
- requests=2.31.0=pyhd8ed1ab_0
- requests-toolbelt=1.0.0=pyhd8ed1ab_0
- secretstorage=3.3.3=py310hff52083_2
- setuptools=69.5.1=pyhd8ed1ab_0
- shellingham=1.5.4=pyhd8ed1ab_0
- tk=8.6.13=noxft_h4845f30_101
- tomli=2.0.1=pyhd8ed1ab_0
- tomlkit=0.12.5=pyha770c72_0
- trove-classifiers=2024.4.10=pyhd8ed1ab_0
- tzdata=2024a=h0c530f3_0
- urllib3=2.2.1=pyhd8ed1ab_0
- virtualenv=20.26.1=pyhd8ed1ab_0
- wheel=0.43.0=pyhd8ed1ab_1
- xz=5.2.6=h166bdaf_0
- zipp=3.17.0=pyhd8ed1ab_0

